
Microsoft Visual Studio Solution File, Format Version 12.00
# Visual Studio Version 16
VisualStudioVersion = 16.0.30907.101
MinimumVisualStudioVersion = 10.0.40219.1
Project("{FAE04EC0-301F-11D3-BF4B-00C04F79EFBC}") = "WebChat", "WebChat\WebChat.csproj", "{5E824558-340D-4FA7-B9A8-A8CB4F977466}"
EndProject
Global
	GlobalSection(SolutionConfigurationPlatforms) = preSolution
		Debug|Any CPU = Debug|Any CPU
		Release|Any CPU = Release|Any CPU
	EndGlobalSection
	GlobalSection(ProjectConfigurationPlatforms) = postSolution
		{5E824558-340D-4FA7-B9A8-A8CB4F977466}.Debug|Any CPU.ActiveCfg = Debug|Any CPU
		{5E824558-340D-4FA7-B9A8-A8CB4F977466}.Debug|Any CPU.Build.0 = Debug|Any CPU
		{5E824558-340D-4FA7-B9A8-A8CB4F977466}.Release|Any CPU.ActiveCfg = Release|Any CPU
		{5E824558-340D-4FA7-B9A8-A8CB4F977466}.Release|Any CPU.Build.0 = Release|Any CPU
	EndGlobalSection
	GlobalSection(SolutionProperties) = preSolution
		HideSolutionNode = FALSE
	EndGlobalSection
	GlobalSection(ExtensibilityGlobals) = postSolution
		SolutionGuid = {67E05EDD-B029-45B2-9554-8B33A735E814}
	EndGlobalSection
EndGlobal
